
Microsoft Visual Studio Solution File, Format Version 12.00
# Visual Studio 14
VisualStudioVersion = 14.0.25420.1
MinimumVisualStudioVersion = 10.0.40219.1
Project("{FAE04EC0-301F-11D3-BF4B-00C04F79EFBC}") = "NeuroTrader", "NeuroXChange\NeuroTrader.csproj", "{56E015C9-0CC5-4AC7-98D7-8E42D1265A19}"
	ProjectSection(ProjectDependencies) = postProject
		{BA46F03A-5942-4308-9031-8C53FD3D0DEF} = {BA46F03A-5942-4308-9031-8C53FD3D0DEF}
		{C75532C4-765B-418E-B09B-46D36B2ABDB1} = {C75532C4-765B-418E-B09B-46D36B2ABDB1}
		{007D4AC8-948F-4816-86AD-B9D1343672C1} = {007D4AC8-948F-4816-86AD-B9D1343672C1}
	EndProjectSection
EndProject
Project("{FAE04EC0-301F-11D3-BF4B-00C04F79EFBC}") = "WinFormsUI", "..\dockpanelsuite\WinFormsUI\WinFormsUI.csproj", "{C75532C4-765B-418E-B09B-46D36B2ABDB1}"
EndProject
Project("{FAE04EC0-301F-11D3-BF4B-00C04F79EFBC}") = "ThemeVS2015", "..\dockpanelsuite\WinFormsUI\ThemeVS2015.csproj", "{007D4AC8-948F-4816-86AD-B9D1343672C1}"
EndProject
Project("{FAE04EC0-301F-11D3-BF4B-00C04F79EFBC}") = "EZScan", "EZScan\EZScan.csproj", "{6E9DDE6F-DB1B-4CFF-90FF-42EBB2786AC1}"
EndProject
Project("{FAE04EC0-301F-11D3-BF4B-00C04F79EFBC}") = "PostTradingAnalysis", "PostTradingAnalysis\PostTradingAnalysis.csproj", "{4035A01F-16F3-4F57-A486-D92F226D1579}"
EndProject
Project("{FAE04EC0-301F-11D3-BF4B-00C04F79EFBC}") = "NeuroTraderServer", "NeuroTraderServer\NeuroTraderServer.csproj", "{8C081815-586F-494C-BA3B-4EE65A8BA3BC}"
	ProjectSection(ProjectDependencies) = postProject
		{BA46F03A-5942-4308-9031-8C53FD3D0DEF} = {BA46F03A-5942-4308-9031-8C53FD3D0DEF}
	EndProjectSection
EndProject
Project("{FAE04EC0-301F-11D3-BF4B-00C04F79EFBC}") = "NeuroTraderProtocols", "NeuroTraderProtocols\NeuroTraderProtocols.csproj", "{BA46F03A-5942-4308-9031-8C53FD3D0DEF}"
EndProject
Global
	GlobalSection(SolutionConfigurationPlatforms) = preSolution
		Debug|Any CPU = Debug|Any CPU
		Debug|x64 = Debug|x64
		Debug|x86 = Debug|x86
		Release|Any CPU = Release|Any CPU
		Release|x64 = Release|x64
		Release|x86 = Release|x86
		SIMPLEST|Any CPU = SIMPLEST|Any CPU
		SIMPLEST|x64 = SIMPLEST|x64
		SIMPLEST|x86 = SIMPLEST|x86
	EndGlobalSection
	GlobalSection(ProjectConfigurationPlatforms) = postSolution
		{56E015C9-0CC5-4AC7-98D7-8E42D1265A19}.Debug|Any CPU.ActiveCfg = Debug|Any CPU
		{56E015C9-0CC5-4AC7-98D7-8E42D1265A19}.Debug|Any CPU.Build.0 = Debug|Any CPU
		{56E015C9-0CC5-4AC7-98D7-8E42D1265A19}.Debug|x64.ActiveCfg = Debug|x64
		{56E015C9-0CC5-4AC7-98D7-8E42D1265A19}.Debug|x64.Build.0 = Debug|x64
		{56E015C9-0CC5-4AC7-98D7-8E42D1265A19}.Debug|x86.ActiveCfg = Debug|x86
		{56E015C9-0CC5-4AC7-98D7-8E42D1265A19}.Debug|x86.Build.0 = Debug|x86
		{56E015C9-0CC5-4AC7-98D7-8E42D1265A19}.Release|Any CPU.ActiveCfg = Release|Any CPU
		{56E015C9-0CC5-4AC7-98D7-8E42D1265A19}.Release|Any CPU.Build.0 = Release|Any CPU
		{56E015C9-0CC5-4AC7-98D7-8E42D1265A19}.Release|x64.ActiveCfg = Release|x64
		{56E015C9-0CC5-4AC7-98D7-8E42D1265A19}.Release|x64.Build.0 = Release|x64
		{56E015C9-0CC5-4AC7-98D7-8E42D1265A19}.Release|x86.ActiveCfg = Release|x86
		{56E015C9-0CC5-4AC7-98D7-8E42D1265A19}.Release|x86.Build.0 = Release|x86
		{56E015C9-0CC5-4AC7-98D7-8E42D1265A19}.SIMPLEST|Any CPU.ActiveCfg = SIMPLEST|Any CPU
		{56E015C9-0CC5-4AC7-98D7-8E42D1265A19}.SIMPLEST|Any CPU.Build.0 = SIMPLEST|Any CPU
		{56E015C9-0CC5-4AC7-98D7-8E42D1265A19}.SIMPLEST|x64.ActiveCfg = SIMPLEST|x64
		{56E015C9-0CC5-4AC7-98D7-8E42D1265A19}.SIMPLEST|x64.Build.0 = SIMPLEST|x64
		{56E015C9-0CC5-4AC7-98D7-8E42D1265A19}.SIMPLEST|x86.ActiveCfg = SIMPLEST|x86
		{56E015C9-0CC5-4AC7-98D7-8E42D1265A19}.SIMPLEST|x86.Build.0 = SIMPLEST|x86
		{C75532C4-765B-418E-B09B-46D36B2ABDB1}.Debug|Any CPU.ActiveCfg = Debug|Any CPU
		{C75532C4-765B-418E-B09B-46D36B2ABDB1}.Debug|Any CPU.Build.0 = Debug|Any CPU
		{C75532C4-765B-418E-B09B-46D36B2ABDB1}.Debug|x64.ActiveCfg = Debug|Any CPU
		{C75532C4-765B-418E-B09B-46D36B2ABDB1}.Debug|x64.Build.0 = Debug|Any CPU
		{C75532C4-765B-418E-B09B-46D36B2ABDB1}.Debug|x86.ActiveCfg = Debug|Any CPU
		{C75532C4-765B-418E-B09B-46D36B2ABDB1}.Debug|x86.Build.0 = Debug|Any CPU
		{C75532C4-765B-418E-B09B-46D36B2ABDB1}.Release|Any CPU.ActiveCfg = Release|Any CPU
		{C75532C4-765B-418E-B09B-46D36B2ABDB1}.Release|Any CPU.Build.0 = Release|Any CPU
		{C75532C4-765B-418E-B09B-46D36B2ABDB1}.Release|x64.ActiveCfg = Release|Any CPU
		{C75532C4-765B-418E-B09B-46D36B2ABDB1}.Release|x64.Build.0 = Release|Any CPU
		{C75532C4-765B-418E-B09B-46D36B2ABDB1}.Release|x86.ActiveCfg = Release|Any CPU
		{C75532C4-765B-418E-B09B-46D36B2ABDB1}.Release|x86.Build.0 = Release|Any CPU
		{C75532C4-765B-418E-B09B-46D36B2ABDB1}.SIMPLEST|Any CPU.ActiveCfg = Release|Any CPU
		{C75532C4-765B-418E-B09B-46D36B2ABDB1}.SIMPLEST|Any CPU.Build.0 = Release|Any CPU
		{C75532C4-765B-418E-B09B-46D36B2ABDB1}.SIMPLEST|x64.ActiveCfg = Release|Any CPU
		{C75532C4-765B-418E-B09B-46D36B2ABDB1}.SIMPLEST|x64.Build.0 = Release|Any CPU
		{C75532C4-765B-418E-B09B-46D36B2ABDB1}.SIMPLEST|x86.ActiveCfg = Release|Any CPU
		{C75532C4-765B-418E-B09B-46D36B2ABDB1}.SIMPLEST|x86.Build.0 = Release|Any CPU
		{007D4AC8-948F-4816-86AD-B9D1343672C1}.Debug|Any CPU.ActiveCfg = Debug|Any CPU
		{007D4AC8-948F-4816-86AD-B9D1343672C1}.Debug|Any CPU.Build.0 = Debug|Any CPU
		{007D4AC8-948F-4816-86AD-B9D1343672C1}.Debug|x64.ActiveCfg = Debug|Any CPU
		{007D4AC8-948F-4816-86AD-B9D1343672C1}.Debug|x64.Build.0 = Debug|Any CPU
		{007D4AC8-948F-4816-86AD-B9D1343672C1}.Debug|x86.ActiveCfg = Debug|Any CPU
		{007D4AC8-948F-4816-86AD-B9D1343672C1}.Debug|x86.Build.0 = Debug|Any CPU
		{007D4AC8-948F-4816-86AD-B9D1343672C1}.Release|Any CPU.ActiveCfg = Release|Any CPU
		{007D4AC8-948F-4816-86AD-B9D1343672C1}.Release|Any CPU.Build.0 = Release|Any CPU
		{007D4AC8-948F-4816-86AD-B9D1343672C1}.Release|x64.ActiveCfg = Release|Any CPU
		{007D4AC8-948F-4816-86AD-B9D1343672C1}.Release|x64.Build.0 = Release|Any CPU
		{007D4AC8-948F-4816-86AD-B9D1343672C1}.Release|x86.ActiveCfg = Release|Any CPU
		{007D4AC8-948F-4816-86AD-B9D1343672C1}.Release|x86.Build.0 = Release|Any CPU
		{007D4AC8-948F-4816-86AD-B9D1343672C1}.SIMPLEST|Any CPU.ActiveCfg = Release|Any CPU
		{007D4AC8-948F-4816-86AD-B9D1343672C1}.SIMPLEST|Any CPU.Build.0 = Release|Any CPU
		{007D4AC8-948F-4816-86AD-B9D1343672C1}.SIMPLEST|x64.ActiveCfg = Release|Any CPU
		{007D4AC8-948F-4816-86AD-B9D1343672C1}.SIMPLEST|x64.Build.0 = Release|Any CPU
		{007D4AC8-948F-4816-86AD-B9D1343672C1}.SIMPLEST|x86.ActiveCfg = Release|Any CPU
		{007D4AC8-948F-4816-86AD-B9D1343672C1}.SIMPLEST|x86.Build.0 = Release|Any CPU
		{6E9DDE6F-DB1B-4CFF-90FF-42EBB2786AC1}.Debug|Any CPU.ActiveCfg = Debug|Any CPU
		{6E9DDE6F-DB1B-4CFF-90FF-42EBB2786AC1}.Debug|Any CPU.Build.0 = Debug|Any CPU
		{6E9DDE6F-DB1B-4CFF-90FF-42EBB2786AC1}.Debug|x64.ActiveCfg = Debug|Any CPU
		{6E9DDE6F-DB1B-4CFF-90FF-42EBB2786AC1}.Debug|x64.Build.0 = Debug|Any CPU
		{6E9DDE6F-DB1B-4CFF-90FF-42EBB2786AC1}.Debug|x86.ActiveCfg = Debug|Any CPU
		{6E9DDE6F-DB1B-4CFF-90FF-42EBB2786AC1}.Debug|x86.Build.0 = Debug|Any CPU
		{6E9DDE6F-DB1B-4CFF-90FF-42EBB2786AC1}.Release|Any CPU.ActiveCfg = Release|Any CPU
		{6E9DDE6F-DB1B-4CFF-90FF-42EBB2786AC1}.Release|Any CPU.Build.0 = Release|Any CPU
		{6E9DDE6F-DB1B-4CFF-90FF-42EBB2786AC1}.Release|x64.ActiveCfg = Release|Any CPU
		{6E9DDE6F-DB1B-4CFF-90FF-42EBB2786AC1}.Release|x64.Build.0 = Release|Any CPU
		{6E9DDE6F-DB1B-4CFF-90FF-42EBB2786AC1}.Release|x86.ActiveCfg = Release|Any CPU
		{6E9DDE6F-DB1B-4CFF-90FF-42EBB2786AC1}.Release|x86.Build.0 = Release|Any CPU
		{6E9DDE6F-DB1B-4CFF-90FF-42EBB2786AC1}.SIMPLEST|Any CPU.ActiveCfg = Release|Any CPU
		{6E9DDE6F-DB1B-4CFF-90FF-42EBB2786AC1}.SIMPLEST|Any CPU.Build.0 = Release|Any CPU
		{6E9DDE6F-DB1B-4CFF-90FF-42EBB2786AC1}.SIMPLEST|x64.ActiveCfg = Release|Any CPU
		{6E9DDE6F-DB1B-4CFF-90FF-42EBB2786AC1}.SIMPLEST|x64.Build.0 = Release|Any CPU
		{6E9DDE6F-DB1B-4CFF-90FF-42EBB2786AC1}.SIMPLEST|x86.ActiveCfg = Release|Any CPU
		{6E9DDE6F-DB1B-4CFF-90FF-42EBB2786AC1}.SIMPLEST|x86.Build.0 = Release|Any CPU
		{4035A01F-16F3-4F57-A486-D92F226D1579}.Debug|Any CPU.ActiveCfg = Debug|Any CPU
		{4035A01F-16F3-4F57-A486-D92F226D1579}.Debug|Any CPU.Build.0 = Debug|Any CPU
		{4035A01F-16F3-4F57-A486-D92F226D1579}.Debug|x64.ActiveCfg = Debug|Any CPU
		{4035A01F-16F3-4F57-A486-D92F226D1579}.Debug|x64.Build.0 = Debug|Any CPU
		{4035A01F-16F3-4F57-A486-D92F226D1579}.Debug|x86.ActiveCfg = Debug|Any CPU
		{4035A01F-16F3-4F57-A486-D92F226D1579}.Debug|x86.Build.0 = Debug|Any CPU
		{4035A01F-16F3-4F57-A486-D92F226D1579}.Release|Any CPU.ActiveCfg = Release|Any CPU
		{4035A01F-16F3-4F57-A486-D92F226D1579}.Release|Any CPU.Build.0 = Release|Any CPU
		{4035A01F-16F3-4F57-A486-D92F226D1579}.Release|x64.ActiveCfg = Release|Any CPU
		{4035A01F-16F3-4F57-A486-D92F226D1579}.Release|x64.Build.0 = Release|Any CPU
		{4035A01F-16F3-4F57-A486-D92F226D1579}.Release|x86.ActiveCfg = Release|Any CPU
		{4035A01F-16F3-4F57-A486-D92F226D1579}.Release|x86.Build.0 = Release|Any CPU
		{4035A01F-16F3-4F57-A486-D92F226D1579}.SIMPLEST|Any CPU.ActiveCfg = Release|Any CPU
		{4035A01F-16F3-4F57-A486-D92F226D1579}.SIMPLEST|Any CPU.Build.0 = Release|Any CPU
		{4035A01F-16F3-4F57-A486-D92F226D1579}.SIMPLEST|x64.ActiveCfg = Release|Any CPU
		{4035A01F-16F3-4F57-A486-D92F226D1579}.SIMPLEST|x64.Build.0 = Release|Any CPU
		{4035A01F-16F3-4F57-A486-D92F226D1579}.SIMPLEST|x86.ActiveCfg = Release|Any CPU
		{4035A01F-16F3-4F57-A486-D92F226D1579}.SIMPLEST|x86.Build.0 = Release|Any CPU
		{8C081815-586F-494C-BA3B-4EE65A8BA3BC}.Debug|Any CPU.ActiveCfg = Debug|Any CPU
		{8C081815-586F-494C-BA3B-4EE65A8BA3BC}.Debug|Any CPU.Build.0 = Debug|Any CPU
		{8C081815-586F-494C-BA3B-4EE65A8BA3BC}.Debug|x64.ActiveCfg = Debug|Any CPU
		{8C081815-586F-494C-BA3B-4EE65A8BA3BC}.Debug|x64.Build.0 = Debug|Any CPU
		{8C081815-586F-494C-BA3B-4EE65A8BA3BC}.Debug|x86.ActiveCfg = Debug|Any CPU
		{8C081815-586F-494C-BA3B-4EE65A8BA3BC}.Debug|x86.Build.0 = Debug|Any CPU
		{8C081815-586F-494C-BA3B-4EE65A8BA3BC}.Release|Any CPU.ActiveCfg = Release|Any CPU
		{8C081815-586F-494C-BA3B-4EE65A8BA3BC}.Release|Any CPU.Build.0 = Release|Any CPU
		{8C081815-586F-494C-BA3B-4EE65A8BA3BC}.Release|x64.ActiveCfg = Release|Any CPU
		{8C081815-586F-494C-BA3B-4EE65A8BA3BC}.Release|x64.Build.0 = Release|Any CPU
		{8C081815-586F-494C-BA3B-4EE65A8BA3BC}.Release|x86.ActiveCfg = Release|Any CPU
		{8C081815-586F-494C-BA3B-4EE65A8BA3BC}.Release|x86.Build.0 = Release|Any CPU
		{8C081815-586F-494C-BA3B-4EE65A8BA3BC}.SIMPLEST|Any CPU.ActiveCfg = Release|Any CPU
		{8C081815-586F-494C-BA3B-4EE65A8BA3BC}.SIMPLEST|Any CPU.Build.0 = Release|Any CPU
		{8C081815-586F-494C-BA3B-4EE65A8BA3BC}.SIMPLEST|x64.ActiveCfg = Release|Any CPU
		{8C081815-586F-494C-BA3B-4EE65A8BA3BC}.SIMPLEST|x64.Build.0 = Release|Any CPU
		{8C081815-586F-494C-BA3B-4EE65A8BA3BC}.SIMPLEST|x86.ActiveCfg = Release|Any CPU
		{8C081815-586F-494C-BA3B-4EE65A8BA3BC}.SIMPLEST|x86.Build.0 = Release|Any CPU
		{BA46F03A-5942-4308-9031-8C53FD3D0DEF}.Debug|Any CPU.ActiveCfg = Debug|Any CPU
		{BA46F03A-5942-4308-9031-8C53FD3D0DEF}.Debug|Any CPU.Build.0 = Debug|Any CPU
		{BA46F03A-5942-4308-9031-8C53FD3D0DEF}.Debug|x64.ActiveCfg = Debug|Any CPU
		{BA46F03A-5942-4308-9031-8C53FD3D0DEF}.Debug|x64.Build.0 = Debug|Any CPU
		{BA46F03A-5942-4308-9031-8C53FD3D0DEF}.Debug|x86.ActiveCfg = Debug|Any CPU
		{BA46F03A-5942-4308-9031-8C53FD3D0DEF}.Debug|x86.Build.0 = Debug|Any CPU
		{BA46F03A-5942-4308-9031-8C53FD3D0DEF}.Release|Any CPU.ActiveCfg = Release|Any CPU
		{BA46F03A-5942-4308-9031-8C53FD3D0DEF}.Release|Any CPU.Build.0 = Release|Any CPU
		{BA46F03A-5942-4308-9031-8C53FD3D0DEF}.Release|x64.ActiveCfg = Release|Any CPU
		{BA46F03A-5942-4308-9031-8C53FD3D0DEF}.Release|x64.Build.0 = Release|Any CPU
		{BA46F03A-5942-4308-9031-8C53FD3D0DEF}.Release|x86.ActiveCfg = Release|Any CPU
		{BA46F03A-5942-4308-9031-8C53FD3D0DEF}.Release|x86.Build.0 = Release|Any CPU
		{BA46F03A-5942-4308-9031-8C53FD3D0DEF}.SIMPLEST|Any CPU.ActiveCfg = Release|Any CPU
		{BA46F03A-5942-4308-9031-8C53FD3D0DEF}.SIMPLEST|Any CPU.Build.0 = Release|Any CPU
		{BA46F03A-5942-4308-9031-8C53FD3D0DEF}.SIMPLEST|x64.ActiveCfg = Release|Any CPU
		{BA46F03A-5942-4308-9031-8C53FD3D0DEF}.SIMPLEST|x64.Build.0 = Release|Any CPU
		{BA46F03A-5942-4308-9031-8C53FD3D0DEF}.SIMPLEST|x86.ActiveCfg = Release|Any CPU
		{BA46F03A-5942-4308-9031-8C53FD3D0DEF}.SIMPLEST|x86.Build.0 = Release|Any CPU
	EndGlobalSection
	GlobalSection(SolutionProperties) = preSolution
		HideSolutionNode = FALSE
	EndGlobalSection
EndGlobal
